// !$*UTF8*$!
{
	archiveVersion = 1;
	classes = {
	};
	objectVersion = 46;
	objects = {

/* Begin PBXBuildFile section */
		CEE4D9191EA7FB0700E63AC9 /* AppDelegate.swift in Sources */ = {isa = PBXBuildFile; fileRef = CEE4D9181EA7FB0700E63AC9 /* AppDelegate.swift */; };
		CEE4D91B1EA7FB0700E63AC9 /* ViewController.swift in Sources */ = {isa = PBXBuildFile; fileRef = CEE4D91A1EA7FB0700E63AC9 /* ViewController.swift */; };
		CEE4D91E1EA7FB0700E63AC9 /* Main.storyboard in Resources */ = {isa = PBXBuildFile; fileRef = CEE4D91C1EA7FB0700E63AC9 /* Main.storyboard */; };
		CEE4D9201EA7FB0700E63AC9 /* Assets.xcassets in Resources */ = {isa = PBXBuildFile; fileRef = CEE4D91F1EA7FB0700E63AC9 /* Assets.xcassets */; };
		CEE4D9231EA7FB0700E63AC9 /* LaunchScreen.storyboard in Resources */ = {isa = PBXBuildFile; fileRef = CEE4D9211EA7FB0700E63AC9 /* LaunchScreen.storyboard */; };
/* End PBXBuildFile section */

/* Begin PBXFileReference section */
		CEE4D9151EA7FB0700E63AC9 /* ImageTest.app */ = {isa = PBXFileReference; explicitFileType = wrapper.application; includeInIndex = 0; path = ImageTest.app; sourceTree = BUILT_PRODUCTS_DIR; };
		CEE4D9181EA7FB0700E63AC9 /* AppDelegate.swift */ = {isa = PBXFileReference; lastKnownFileType = sourcecode.swift; path = AppDelegate.swift; sourceTree = "<group>"; };
		CEE4D91A1EA7FB0700E63AC9 /* ViewController.swift */ = {isa = PBXFileReference; lastKnownFileType = sourcecode.swift; path = ViewController.swift; sourceTree = "<group>"; };
		CEE4D91D1EA7FB0700E63AC9 /* Base */ = {isa = PBXFileReference; lastKnownFileType = file.storyboard; name = Base; path = Base.lproj/Main.storyboard; sourceTree = "<group>"; };
		CEE4D91F1EA7FB0700E63AC9 /* Assets.xcassets */ = {isa = PBXFileReference; lastKnownFileType = folder.assetcatalog; path = Assets.xcassets; sourceTree = "<group>"; };
		CEE4D9221EA7FB0700E63AC9 /* Base */ = {isa = PBXFileReference; lastKnownFileType = file.storyboard; name = Base; path = Base.lproj/LaunchScreen.storyboard; sourceTree = "<group>"; };
		CEE4D9241EA7FB0700E63AC9 /* Info.plist */ = {isa = PBXFileReference; lastKnownFileType = text.plist.xml; path = Info.plist; sourceTree = "<group>"; };
/* End PBXFileReference section */

/* Begin PBXFrameworksBuildPhase section */
		CEE4D9121EA7FB0700E63AC9 /* Frameworks */ = {
			isa = PBXFrameworksBuildPhase;
			buildActionMask = 2147483647;
			files = (
			);
			runOnlyForDeploymentPostprocessing = 0;
		};
/* End PBXFrameworksBuildPhase section */

/* Begin PBXGroup section */
		CEE4D90C1EA7FB0700E63AC9 = {
			isa = PBXGroup;
			children = (
				CEE4D9171EA7FB0700E63AC9 /* ImageTest */,
				CEE4D9161EA7FB0700E63AC9 /* Products */,
			);
			sourceTree = "<group>";
		};
		CEE4D9161EA7FB0700E63AC9 /* Products */ = {
			isa = PBXGroup;
			children = (
				CEE4D9151EA7FB0700E63AC9 /* ImageTest.app */,
			);
			name = Products;
			sourceTree = "<group>";
		};
		CEE4D9171EA7FB0700E63AC9 /* ImageTest */ = {
			isa = PBXGroup;
			children = (
				CEE4D9181EA7FB0700E63AC9 /* AppDelegate.swift */,
				CEE4D91A1EA7FB0700E63AC9 /* ViewController.swift */,
				CEE4D91C1EA7FB0700E63AC9 /* Main.storyboard */,
				CEE4D91F1EA7FB0700E63AC9 /* Assets.xcassets */,
				CEE4D9211EA7FB0700E63AC9 /* LaunchScreen.storyboard */,
				CEE4D9241EA7FB0700E63AC9 /* Info.plist */,
			);
			path = ImageTest;
			sourceTree = "<group>";
		};
/* End PBXGroup section */

/* Begin PBXNativeTarget section */
		CEE4D9141EA7FB0700E63AC9 /* ImageTest */ = {
			isa = PBXNativeTarget;
			buildConfigurationList = CEE4D9271EA7FB0700E63AC9 /* Build configuration list for PBXNativeTarget "ImageTest" */;
			buildPhases = (
				CEE4D9111EA7FB0700E63AC9 /* Sources */,
				CEE4D9121EA7FB0700E63AC9 /* Frameworks */,
				CEE4D9131EA7FB0700E63AC9 /* Resources */,
			);
			buildRules = (
			);
			dependencies = (
			);
			name = ImageTest;
			productName = ImageTest;
			productReference = CEE4D9151EA7FB0700E63AC9 /* ImageTest.app */;
			productType = "com.apple.product-type.application";
		};
/* End PBXNativeTarget section */

/* Begin PBXProject section */
		CEE4D90D1EA7FB0700E63AC9 /* Project object */ = {
			isa = PBXProject;
			attributes = {
				LastSwiftUpdateCheck = 0820;
				LastUpgradeCheck = 0820;
				ORGANIZATIONNAME = Oliver;
				TargetAttributes = {
					CEE4D9141EA7FB0700E63AC9 = {
						CreatedOnToolsVersion = 8.2.1;
						ProvisioningStyle = Automatic;
					};
				};
			};
			buildConfigurationList = CEE4D9101EA7FB0700E63AC9 /* Build configuration list for PBXProject "ImageTest" */;
			compatibilityVersion = "Xcode 3.2";
			developmentRegion = English;
			hasScannedForEncodings = 0;
			knownRegions = (
				en,
				Base,
			);
			mainGroup = CEE4D90C1EA7FB0700E63AC9;
			productRefGroup = CEE4D9161EA7FB0700E63AC9 /* Products */;
			projectDirPath = "";
			projectRoot = "";
			targets = (
				CEE4D9141EA7FB0700E63AC9 /* ImageTest */,
			);
		};
/* End PBXProject section */

/* Begin PBXResourcesBuildPhase section */
		CEE4D9131EA7FB0700E63AC9 /* Resources */ = {
			isa = PBXResourcesBuildPhase;
			buildActionMask = 2147483647;
			files = (
				CEE4D9231EA7FB0700E63AC9 /* LaunchScreen.storyboard in Resources */,
				CEE4D9201EA7FB0700E63AC9 /* Assets.xcassets in Resources */,
				CEE4D91E1EA7FB0700E63AC9 /* Main.storyboard in Resources */,
			);
			runOnlyForDeploymentPostprocessing = 0;
		};
/* End PBXResourcesBuildPhase section */

/* Begin PBXSourcesBuildPhase section */
		CEE4D9111EA7FB0700E63AC9 /* Sources */ = {
			isa = PBXSourcesBuildPhase;
			buildActionMask = 2147483647;
			files = (
				CEE4D91B1EA7FB0700E63AC9 /* ViewController.swift in Sources */,
				CEE4D9191EA7FB0700E63AC9 /* AppDelegate.swift in Sources */,
			);
			runOnlyForDeploymentPostprocessing = 0;
		};
/* End PBXSourcesBuildPhase section */

/* Begin PBXVariantGroup section */
		CEE4D91C1EA7FB0700E63AC9 /* Main.storyboard */ = {
			isa = PBXVariantGroup;
			children = (
				CEE4D91D1EA7FB0700E63AC9 /* Base */,
			);
			name = Main.storyboard;
			sourceTree = "<group>";
		};
		CEE4D9211EA7FB0700E63AC9 /* LaunchScreen.storyboard */ = {
			isa = PBXVariantGroup;
			children = (
				CEE4D9221EA7FB0700E63AC9 /* Base */,
			);
			name = LaunchScreen.storyboard;
			sourceTree = "<group>";
		};
/* End PBXVariantGroup section */

/* Begin XCBuildConfiguration section */
		CEE4D9251EA7FB0700E63AC9 /* Debug */ = {
			isa = XCBuildConfiguration;
			buildSettings = {
				ALWAYS_SEARCH_USER_PATHS = NO;
				CLANG_ANALYZER_NONNULL = YES;
				CLANG_CXX_LANGUAGE_STANDARD = "gnu++0x";
				CLANG_CXX_LIBRARY = "libc++";
				CLANG_ENABLE_MODULES = YES;
				CLANG_ENABLE_OBJC_ARC = YES;
				CLANG_WARN_BOOL_CONVERSION = YES;
				CLANG_WARN_CONSTANT_CONVERSION = YES;
				CLANG_WARN_DIRECT_OBJC_ISA_USAGE = YES_ERROR;
				CLANG_WARN_DOCUMENTATION_COMMENTS = YES;
				CLANG_WARN_EMPTY_BODY = YES;
				CLANG_WARN_ENUM_CONVERSION = YES;
				CLANG_WARN_INFINITE_RECURSION = YES;
				CLANG_WARN_INT_CONVERSION = YES;
				CLANG_WARN_OBJC_ROOT_CLASS = YES_ERROR;
				CLANG_WARN_SUSPICIOUS_MOVE = YES;
				CLANG_WARN_UNREACHABLE_CODE = YES;
				CLANG_WARN__DUPLICATE_METHOD_MATCH = YES;
				"CODE_SIGN_IDENTITY[sdk=iphoneos*]" = "iPhone Developer";
				COPY_PHASE_STRIP = NO;
				DEBUG_INFORMATION_FORMAT = dwarf;
				ENABLE_STRICT_OBJC_MSGSEND = YES;
				ENABLE_TESTABILITY = YES;
				GCC_C_LANGUAGE_STANDARD = gnu99;
				GCC_DYNAMIC_NO_PIC = NO;
				GCC_NO_COMMON_BLOCKS = YES;
				GCC_OPTIMIZATION_LEVEL = 0;
				GCC_PREPROCESSOR_DEFINITIONS = (
					"DEBUG=1",
					"$(inherited)",
				);
				GCC_WARN_64_TO_32_BIT_CONVERSION = YES;
				GCC_WARN_ABOUT_RETURN_TYPE = YES_ERROR;
				GCC_WARN_UNDECLARED_SELECTOR = YES;
				GCC_WARN_UNINITIALIZED_AUTOS = YES_AGGRESSIVE;
				GCC_WARN_UNUSED_FUNCTION = YES;
				GCC_WARN_UNUSED_VARIABLE = YES;
				IPHONEOS_DEPLOYMENT_TARGET = 10.2;
				MTL_ENABLE_DEBUG_INFO = YES;
				ONLY_ACTIVE_ARCH = YES;
				SDKROOT = iphoneos;
				SWIFT_ACTIVE_COMPILATION_CONDITIONS = DEBUG;
				SWIFT_OPTIMIZATION_LEVEL = "-Onone";
				TARGETED_DEVICE_FAMILY = "1,2";
			};
			name = Debug;
		};
		CEE4D9261EA7FB0700E63AC9 /* Release */ = {
			isa = XCBuildConfiguration;
			buildSettings = {
				ALWAYS_SEARCH_USER_PATHS = NO;
				CLANG_ANALYZER_NONNULL = YES;
				CLANG_CXX_LANGUAGE_STANDARD = "gnu++0x";
				CLANG_CXX_LIBRARY = "libc++";
				CLANG_ENABLE_MODULES = YES;
				CLANG_ENABLE_OBJC_ARC = YES;
				CLANG_WARN_BOOL_CONVERSION = YES;
				CLANG_WARN_CONSTANT_CONVERSION = YES;
				CLANG_WARN_DIRECT_OBJC_ISA_USAGE = YES_ERROR;
				CLANG_WARN_DOCUMENTATION_COMMENTS = YES;
				CLANG_WARN_EMPTY_BODY = YES;
				CLANG_WARN_ENUM_CONVERSION = YES;
				CLANG_WARN_INFINITE_RECURSION = YES;
				CLANG_WARN_INT_CONVERSION = YES;
				CLANG_WARN_OBJC_ROOT_CLASS = YES_ERROR;
				CLANG_WARN_SUSPICIOUS_MOVE = YES;
				CLANG_WARN_UNREACHABLE_CODE = YES;
				CLANG_WARN__DUPLICATE_METHOD_MATCH = YES;
				"CODE_SIGN_IDENTITY[sdk=iphoneos*]" = "iPhone Developer";
				COPY_PHASE_STRIP = NO;
				DEBUG_INFORMATION_FORMAT = "dwarf-with-dsym";
				ENABLE_NS_ASSERTIONS = NO;
				ENABLE_STRICT_OBJC_MSGSEND = YES;
				GCC_C_LANGUAGE_STANDARD = gnu99;
				GCC_NO_COMMON_BLOCKS = YES;
				GCC_WARN_64_TO_32_BIT_CONVERSION = YES;
				GCC_WARN_ABOUT_RETURN_TYPE = YES_ERROR;
				GCC_WARN_UNDECLARED_SELECTOR = YES;
				GCC_WARN_UNINITIALIZED_AUTOS = YES_AGGRESSIVE;
				GCC_WARN_UNUSED_FUNCTION = YES;
				GCC_WARN_UNUSED_VARIABLE = YES;
				IPHONEOS_DEPLOYMENT_TARGET = 10.2;
				MTL_ENABLE_DEBUG_INFO = NO;
				SDKROOT = iphoneos;
				SWIFT_OPTIMIZATION_LEVEL = "-Owholemodule";
				TARGETED_DEVICE_FAMILY = "1,2";
				VALIDATE_PRODUCT = YES;
			};
			name = Release;
		};
		CEE4D9281EA7FB0700E63AC9 /* Debug */ = {
			isa = XCBuildConfiguration;
			buildSettings = {
				ASSETCATALOG_COMPILER_APPICON_NAME = AppIcon;
				INFOPLIST_FILE = ImageTest/Info.plist;
				LD_RUNPATH_SEARCH_PATHS = "$(inherited) @executable_path/Frameworks";
				PRODUCT_BUNDLE_IDENTIFIER = stacks.ImageTest;
				PRODUCT_NAME = "$(TARGET_NAME)";
				SWIFT_VERSION = 3.0;
			};
			name = Debug;
		};
		CEE4D9291EA7FB0700E63AC9 /* Release */ = {
			isa = XCBuildConfiguration;
			buildSettings = {
				ASSETCATALOG_COMPILER_APPICON_NAME = AppIcon;
				INFOPLIST_FILE = ImageTest/Info.plist;
				LD_RUNPATH_SEARCH_PATHS = "$(inherited) @executable_path/Frameworks";
				PRODUCT_BUNDLE_IDENTIFIER = stacks.ImageTest;
				PRODUCT_NAME = "$(TARGET_NAME)";
				SWIFT_VERSION = 3.0;
			};
			name = Release;
		};
/* End XCBuildConfiguration section */

/* Begin XCConfigurationList section */
		CEE4D9101EA7FB0700E63AC9 /* Build configuration list for PBXProject "ImageTest" */ = {
			isa = XCConfigurationList;
			buildConfigurations = (
				CEE4D9251EA7FB0700E63AC9 /* Debug */,
				CEE4D9261EA7FB0700E63AC9 /* Release */,
			);
			defaultConfigurationIsVisible = 0;
			defaultConfigurationName = Release;
		};
		CEE4D9271EA7FB0700E63AC9 /* Build configuration list for PBXNativeTarget "ImageTest" */ = {
			isa = XCConfigurationList;
			buildConfigurations = (
				CEE4D9281EA7FB0700E63AC9 /* Debug */,
				CEE4D9291EA7FB0700E63AC9 /* Release */,
			);
			defaultConfigurationIsVisible = 0;
		};
/* End XCConfigurationList section */
	};
	rootObject = CEE4D90D1EA7FB0700E63AC9 /* Project object */;
}
